
Microsoft Visual Studio Solution File, Format Version 12.00
# Visual Studio Version 17
VisualStudioVersion = 17.9.34728.123
MinimumVisualStudioVersion = 10.0.40219.1
Project("{FAE04EC0-301F-11D3-BF4B-00C04F79EFBC}") = "ConsoleApp2", "ConsoleApp2.csproj", "{DF1B536B-A373-4F62-825F-83B900160507}"
EndProject
Global
	GlobalSection(SolutionConfigurationPlatforms) = preSolution
		Debug|Any CPU = Debug|Any CPU
		Release|Any CPU = Release|Any CPU
	EndGlobalSection
	GlobalSection(ProjectConfigurationPlatforms) = postSolution
		{DF1B536B-A373-4F62-825F-83B900160507}.Debug|Any CPU.ActiveCfg = Debug|Any CPU
		{DF1B536B-A373-4F62-825F-83B900160507}.Debug|Any CPU.Build.0 = Debug|Any CPU
		{DF1B536B-A373-4F62-825F-83B900160507}.Release|Any CPU.ActiveCfg = Release|Any CPU
		{DF1B536B-A373-4F62-825F-83B900160507}.Release|Any CPU.Build.0 = Release|Any CPU
	EndGlobalSection
	GlobalSection(SolutionProperties) = preSolution
		HideSolutionNode = FALSE
	EndGlobalSection
	GlobalSection(ExtensibilityGlobals) = postSolution
		SolutionGuid = {7625917A-DE92-4F5E-9461-56A7CEABC9AF}
	EndGlobalSection
EndGlobal
